
Microsoft Visual Studio Solution File, Format Version 12.00
# Visual Studio 15
VisualStudioVersion = 15.0.28010.2050
MinimumVisualStudioVersion = 10.0.40219.1
Project("{FAE04EC0-301F-11D3-BF4B-00C04F79EFBC}") = "RTP QoS tester", "RTP QoS tester\RTP QoS tester.csproj", "{17A2ADCB-3C1B-4230-884F-838D03B2B0D6}"
EndProject
Global
	GlobalSection(SolutionConfigurationPlatforms) = preSolution
		Debug|Any CPU = Debug|Any CPU
		Release|Any CPU = Release|Any CPU
	EndGlobalSection
	GlobalSection(ProjectConfigurationPlatforms) = postSolution
		{17A2ADCB-3C1B-4230-884F-838D03B2B0D6}.Debug|Any CPU.ActiveCfg = Debug|Any CPU
		{17A2ADCB-3C1B-4230-884F-838D03B2B0D6}.Debug|Any CPU.Build.0 = Debug|Any CPU
		{17A2ADCB-3C1B-4230-884F-838D03B2B0D6}.Release|Any CPU.ActiveCfg = Release|Any CPU
		{17A2ADCB-3C1B-4230-884F-838D03B2B0D6}.Release|Any CPU.Build.0 = Release|Any CPU
	EndGlobalSection
	GlobalSection(SolutionProperties) = preSolution
		HideSolutionNode = FALSE
	EndGlobalSection
	GlobalSection(ExtensibilityGlobals) = postSolution
		SolutionGuid = {28782063-0A26-49B9-888A-DE094AC49F60}
	EndGlobalSection
EndGlobal
